// !$*UTF8*$!
{
	archiveVersion = 1;
	classes = {
	};
	objectVersion = 50;
	objects = {

/* Begin PBXBuildFile section */
		EF417D702405663E00312925 /* AppDelegate.swift in Sources */ = {isa = PBXBuildFile; fileRef = EF417D6F2405663E00312925 /* AppDelegate.swift */; };
		EF417D722405663E00312925 /* ViewController.swift in Sources */ = {isa = PBXBuildFile; fileRef = EF417D712405663E00312925 /* ViewController.swift */; };
		EF417D752405663E00312925 /* Main.storyboard in Resources */ = {isa = PBXBuildFile; fileRef = EF417D732405663E00312925 /* Main.storyboard */; };
		EF417D772405663F00312925 /* Assets.xcassets in Resources */ = {isa = PBXBuildFile; fileRef = EF417D762405663F00312925 /* Assets.xcassets */; };
		EF417D7A2405663F00312925 /* LaunchScreen.storyboard in Resources */ = {isa = PBXBuildFile; fileRef = EF417D782405663F00312925 /* LaunchScreen.storyboard */; };
		EF417D90240566B700312925 /* LoginChecker.swift in Sources */ = {isa = PBXBuildFile; fileRef = EF417D8F240566B700312925 /* LoginChecker.swift */; };
		EFF437192407F9620077E4A0 /* LoginTests.swift in Sources */ = {isa = PBXBuildFile; fileRef = EFF437182407F9620077E4A0 /* LoginTests.swift */; };
/* End PBXBuildFile section */

/* Begin PBXContainerItemProxy section */
		EFF4371B2407F9620077E4A0 /* PBXContainerItemProxy */ = {
			isa = PBXContainerItemProxy;
			containerPortal = EF417D642405663E00312925 /* Project object */;
			proxyType = 1;
			remoteGlobalIDString = EF417D6B2405663E00312925;
			remoteInfo = Forth;
		};
/* End PBXContainerItemProxy section */

/* Begin PBXFileReference section */
		EF417D6C2405663E00312925 /* Forth.app */ = {isa = PBXFileReference; explicitFileType = wrapper.application; includeInIndex = 0; path = Forth.app; sourceTree = BUILT_PRODUCTS_DIR; };
		EF417D6F2405663E00312925 /* AppDelegate.swift */ = {isa = PBXFileReference; lastKnownFileType = sourcecode.swift; path = AppDelegate.swift; sourceTree = "<group>"; };
		EF417D712405663E00312925 /* ViewController.swift */ = {isa = PBXFileReference; lastKnownFileType = sourcecode.swift; path = ViewController.swift; sourceTree = "<group>"; };
		EF417D742405663E00312925 /* Base */ = {isa = PBXFileReference; lastKnownFileType = file.storyboard; name = Base; path = Base.lproj/Main.storyboard; sourceTree = "<group>"; };
		EF417D762405663F00312925 /* Assets.xcassets */ = {isa = PBXFileReference; lastKnownFileType = folder.assetcatalog; path = Assets.xcassets; sourceTree = "<group>"; };
		EF417D792405663F00312925 /* Base */ = {isa = PBXFileReference; lastKnownFileType = file.storyboard; name = Base; path = Base.lproj/LaunchScreen.storyboard; sourceTree = "<group>"; };
		EF417D7B2405663F00312925 /* Info.plist */ = {isa = PBXFileReference; lastKnownFileType = text.plist.xml; path = Info.plist; sourceTree = "<group>"; };
		EF417D8F240566B700312925 /* LoginChecker.swift */ = {isa = PBXFileReference; lastKnownFileType = sourcecode.swift; path = LoginChecker.swift; sourceTree = "<group>"; };
		EFF437162407F9620077E4A0 /* ForthTests.xctest */ = {isa = PBXFileReference; explicitFileType = wrapper.cfbundle; includeInIndex = 0; path = ForthTests.xctest; sourceTree = BUILT_PRODUCTS_DIR; };
		EFF437182407F9620077E4A0 /* LoginTests.swift */ = {isa = PBXFileReference; lastKnownFileType = sourcecode.swift; path = LoginTests.swift; sourceTree = "<group>"; };
		EFF4371A2407F9620077E4A0 /* Info.plist */ = {isa = PBXFileReference; lastKnownFileType = text.plist.xml; path = Info.plist; sourceTree = "<group>"; };
/* End PBXFileReference section */

/* Begin PBXFrameworksBuildPhase section */
		EF417D692405663E00312925 /* Frameworks */ = {
			isa = PBXFrameworksBuildPhase;
			buildActionMask = 2147483647;
			files = (
			);
			runOnlyForDeploymentPostprocessing = 0;
		};
		EFF437132407F9620077E4A0 /* Frameworks */ = {
			isa = PBXFrameworksBuildPhase;
			buildActionMask = 2147483647;
			files = (
			);
			runOnlyForDeploymentPostprocessing = 0;
		};
/* End PBXFrameworksBuildPhase section */

/* Begin PBXGroup section */
		EF417D632405663E00312925 = {
			isa = PBXGroup;
			children = (
				EF417D6E2405663E00312925 /* Forth */,
				EFF437172407F9620077E4A0 /* ForthTests */,
				EF417D6D2405663E00312925 /* Products */,
			);
			sourceTree = "<group>";
		};
		EF417D6D2405663E00312925 /* Products */ = {
			isa = PBXGroup;
			children = (
				EF417D6C2405663E00312925 /* Forth.app */,
				EFF437162407F9620077E4A0 /* ForthTests.xctest */,
			);
			name = Products;
			sourceTree = "<group>";
		};
		EF417D6E2405663E00312925 /* Forth */ = {
			isa = PBXGroup;
			children = (
				EF417D6F2405663E00312925 /* AppDelegate.swift */,
				EF417D712405663E00312925 /* ViewController.swift */,
				EF417D732405663E00312925 /* Main.storyboard */,
				EF417D762405663F00312925 /* Assets.xcassets */,
				EF417D782405663F00312925 /* LaunchScreen.storyboard */,
				EF417D7B2405663F00312925 /* Info.plist */,
				EF417D8F240566B700312925 /* LoginChecker.swift */,
			);
			path = Forth;
			sourceTree = "<group>";
		};
		EFF437172407F9620077E4A0 /* ForthTests */ = {
			isa = PBXGroup;
			children = (
				EFF437182407F9620077E4A0 /* LoginTests.swift */,
				EFF4371A2407F9620077E4A0 /* Info.plist */,
			);
			path = ForthTests;
			sourceTree = "<group>";
		};
/* End PBXGroup section */

/* Begin PBXNativeTarget section */
		EF417D6B2405663E00312925 /* Forth */ = {
			isa = PBXNativeTarget;
			buildConfigurationList = EF417D892405663F00312925 /* Build configuration list for PBXNativeTarget "Forth" */;
			buildPhases = (
				EF417D682405663E00312925 /* Sources */,
				EF417D692405663E00312925 /* Frameworks */,
				EF417D6A2405663E00312925 /* Resources */,
			);
			buildRules = (
			);
			dependencies = (
			);
			name = Forth;
			productName = Forth;
			productReference = EF417D6C2405663E00312925 /* Forth.app */;
			productType = "com.apple.product-type.application";
		};
		EFF437152407F9620077E4A0 /* ForthTests */ = {
			isa = PBXNativeTarget;
			buildConfigurationList = EFF4371D2407F9620077E4A0 /* Build configuration list for PBXNativeTarget "ForthTests" */;
			buildPhases = (
				EFF437122407F9620077E4A0 /* Sources */,
				EFF437132407F9620077E4A0 /* Frameworks */,
				EFF437142407F9620077E4A0 /* Resources */,
			);
			buildRules = (
			);
			dependencies = (
				EFF4371C2407F9620077E4A0 /* PBXTargetDependency */,
			);
			name = ForthTests;
			productName = ForthTests;
			productReference = EFF437162407F9620077E4A0 /* ForthTests.xctest */;
			productType = "com.apple.product-type.bundle.unit-test";
		};
/* End PBXNativeTarget section */

/* Begin PBXProject section */
		EF417D642405663E00312925 /* Project object */ = {
			isa = PBXProject;
			attributes = {
				LastSwiftUpdateCheck = 1130;
				LastUpgradeCheck = 1030;
				ORGANIZATIONNAME = user167101;
				TargetAttributes = {
					EF417D6B2405663E00312925 = {
						CreatedOnToolsVersion = 10.3;
					};
					EFF437152407F9620077E4A0 = {
						CreatedOnToolsVersion = 11.3.1;
						TestTargetID = EF417D6B2405663E00312925;
					};
				};
			};
			buildConfigurationList = EF417D672405663E00312925 /* Build configuration list for PBXProject "Forth" */;
			compatibilityVersion = "Xcode 9.3";
			developmentRegion = en;
			hasScannedForEncodings = 0;
			knownRegions = (
				en,
				Base,
			);
			mainGroup = EF417D632405663E00312925;
			productRefGroup = EF417D6D2405663E00312925 /* Products */;
			projectDirPath = "";
			projectRoot = "";
			targets = (
				EF417D6B2405663E00312925 /* Forth */,
				EFF437152407F9620077E4A0 /* ForthTests */,
			);
		};
/* End PBXProject section */

/* Begin PBXResourcesBuildPhase section */
		EF417D6A2405663E00312925 /* Resources */ = {
			isa = PBXResourcesBuildPhase;
			buildActionMask = 2147483647;
			files = (
				EF417D7A2405663F00312925 /* LaunchScreen.storyboard in Resources */,
				EF417D772405663F00312925 /* Assets.xcassets in Resources */,
				EF417D752405663E00312925 /* Main.storyboard in Resources */,
			);
			runOnlyForDeploymentPostprocessing = 0;
		};
		EFF437142407F9620077E4A0 /* Resources */ = {
			isa = PBXResourcesBuildPhase;
			buildActionMask = 2147483647;
			files = (
			);
			runOnlyForDeploymentPostprocessing = 0;
		};
/* End PBXResourcesBuildPhase section */

/* Begin PBXSourcesBuildPhase section */
		EF417D682405663E00312925 /* Sources */ = {
			isa = PBXSourcesBuildPhase;
			buildActionMask = 2147483647;
			files = (
				EF417D722405663E00312925 /* ViewController.swift in Sources */,
				EF417D90240566B700312925 /* LoginChecker.swift in Sources */,
				EF417D702405663E00312925 /* AppDelegate.swift in Sources */,
			);
			runOnlyForDeploymentPostprocessing = 0;
		};
		EFF437122407F9620077E4A0 /* Sources */ = {
			isa = PBXSourcesBuildPhase;
			buildActionMask = 2147483647;
			files = (
				EFF437192407F9620077E4A0 /* LoginTests.swift in Sources */,
			);
			runOnlyForDeploymentPostprocessing = 0;
		};
/* End PBXSourcesBuildPhase section */

/* Begin PBXTargetDependency section */
		EFF4371C2407F9620077E4A0 /* PBXTargetDependency */ = {
			isa = PBXTargetDependency;
			target = EF417D6B2405663E00312925 /* Forth */;
			targetProxy = EFF4371B2407F9620077E4A0 /* PBXContainerItemProxy */;
		};
/* End PBXTargetDependency section */

/* Begin PBXVariantGroup section */
		EF417D732405663E00312925 /* Main.storyboard */ = {
			isa = PBXVariantGroup;
			children = (
				EF417D742405663E00312925 /* Base */,
			);
			name = Main.storyboard;
			sourceTree = "<group>";
		};
		EF417D782405663F00312925 /* LaunchScreen.storyboard */ = {
			isa = PBXVariantGroup;
			children = (
				EF417D792405663F00312925 /* Base */,
			);
			name = LaunchScreen.storyboard;
			sourceTree = "<group>";
		};
/* End PBXVariantGroup section */

/* Begin XCBuildConfiguration section */
		EF417D872405663F00312925 /* Debug */ = {
			isa = XCBuildConfiguration;
			buildSettings = {
				ALWAYS_SEARCH_USER_PATHS = NO;
				CLANG_ANALYZER_NONNULL = YES;
				CLANG_ANALYZER_NUMBER_OBJECT_CONVERSION = YES_AGGRESSIVE;
				CLANG_CXX_LANGUAGE_STANDARD = "gnu++14";
				CLANG_CXX_LIBRARY = "libc++";
				CLANG_ENABLE_MODULES = YES;
				CLANG_ENABLE_OBJC_ARC = YES;
				CLANG_ENABLE_OBJC_WEAK = YES;
				CLANG_WARN_BLOCK_CAPTURE_AUTORELEASING = YES;
				CLANG_WARN_BOOL_CONVERSION = YES;
				CLANG_WARN_COMMA = YES;
				CLANG_WARN_CONSTANT_CONVERSION = YES;
				CLANG_WARN_DEPRECATED_OBJC_IMPLEMENTATIONS = YES;
				CLANG_WARN_DIRECT_OBJC_ISA_USAGE = YES_ERROR;
				CLANG_WARN_DOCUMENTATION_COMMENTS = YES;
				CLANG_WARN_EMPTY_BODY = YES;
				CLANG_WARN_ENUM_CONVERSION = YES;
				CLANG_WARN_INFINITE_RECURSION = YES;
				CLANG_WARN_INT_CONVERSION = YES;
				CLANG_WARN_NON_LITERAL_NULL_CONVERSION = YES;
				CLANG_WARN_OBJC_IMPLICIT_RETAIN_SELF = YES;
				CLANG_WARN_OBJC_LITERAL_CONVERSION = YES;
				CLANG_WARN_OBJC_ROOT_CLASS = YES_ERROR;
				CLANG_WARN_RANGE_LOOP_ANALYSIS = YES;
				CLANG_WARN_STRICT_PROTOTYPES = YES;
				CLANG_WARN_SUSPICIOUS_MOVE = YES;
				CLANG_WARN_UNGUARDED_AVAILABILITY = YES_AGGRESSIVE;
				CLANG_WARN_UNREACHABLE_CODE = YES;
				CLANG_WARN__DUPLICATE_METHOD_MATCH = YES;
				CODE_SIGN_IDENTITY = "iPhone Developer";
				COPY_PHASE_STRIP = NO;
				DEBUG_INFORMATION_FORMAT = dwarf;
				ENABLE_STRICT_OBJC_MSGSEND = YES;
				ENABLE_TESTABILITY = YES;
				GCC_C_LANGUAGE_STANDARD = gnu11;
				GCC_DYNAMIC_NO_PIC = NO;
				GCC_NO_COMMON_BLOCKS = YES;
				GCC_OPTIMIZATION_LEVEL = 0;
				GCC_PREPROCESSOR_DEFINITIONS = (
					"DEBUG=1",
					"$(inherited)",
				);
				GCC_WARN_64_TO_32_BIT_CONVERSION = YES;
				GCC_WARN_ABOUT_RETURN_TYPE = YES_ERROR;
				GCC_WARN_UNDECLARED_SELECTOR = YES;
				GCC_WARN_UNINITIALIZED_AUTOS = YES_AGGRESSIVE;
				GCC_WARN_UNUSED_FUNCTION = YES;
				GCC_WARN_UNUSED_VARIABLE = YES;
				IPHONEOS_DEPLOYMENT_TARGET = 12.4;
				MTL_ENABLE_DEBUG_INFO = INCLUDE_SOURCE;
				MTL_FAST_MATH = YES;
				ONLY_ACTIVE_ARCH = YES;
				SDKROOT = iphoneos;
				SWIFT_ACTIVE_COMPILATION_CONDITIONS = DEBUG;
				SWIFT_OPTIMIZATION_LEVEL = "-Onone";
			};
			name = Debug;
		};
		EF417D882405663F00312925 /* Release */ = {
			isa = XCBuildConfiguration;
			buildSettings = {
				ALWAYS_SEARCH_USER_PATHS = NO;
				CLANG_ANALYZER_NONNULL = YES;
				CLANG_ANALYZER_NUMBER_OBJECT_CONVERSION = YES_AGGRESSIVE;
				CLANG_CXX_LANGUAGE_STANDARD = "gnu++14";
				CLANG_CXX_LIBRARY = "libc++";
				CLANG_ENABLE_MODULES = YES;
				CLANG_ENABLE_OBJC_ARC = YES;
				CLANG_ENABLE_OBJC_WEAK = YES;
				CLANG_WARN_BLOCK_CAPTURE_AUTORELEASING = YES;
				CLANG_WARN_BOOL_CONVERSION = YES;
				CLANG_WARN_COMMA = YES;
				CLANG_WARN_CONSTANT_CONVERSION = YES;
				CLANG_WARN_DEPRECATED_OBJC_IMPLEMENTATIONS = YES;
				CLANG_WARN_DIRECT_OBJC_ISA_USAGE = YES_ERROR;
				CLANG_WARN_DOCUMENTATION_COMMENTS = YES;
				CLANG_WARN_EMPTY_BODY = YES;
				CLANG_WARN_ENUM_CONVERSION = YES;
				CLANG_WARN_INFINITE_RECURSION = YES;
				CLANG_WARN_INT_CONVERSION = YES;
				CLANG_WARN_NON_LITERAL_NULL_CONVERSION = YES;
				CLANG_WARN_OBJC_IMPLICIT_RETAIN_SELF = YES;
				CLANG_WARN_OBJC_LITERAL_CONVERSION = YES;
				CLANG_WARN_OBJC_ROOT_CLASS = YES_ERROR;
				CLANG_WARN_RANGE_LOOP_ANALYSIS = YES;
				CLANG_WARN_STRICT_PROTOTYPES = YES;
				CLANG_WARN_SUSPICIOUS_MOVE = YES;
				CLANG_WARN_UNGUARDED_AVAILABILITY = YES_AGGRESSIVE;
				CLANG_WARN_UNREACHABLE_CODE = YES;
				CLANG_WARN__DUPLICATE_METHOD_MATCH = YES;
				CODE_SIGN_IDENTITY = "iPhone Developer";
				COPY_PHASE_STRIP = NO;
				DEBUG_INFORMATION_FORMAT = "dwarf-with-dsym";
				ENABLE_NS_ASSERTIONS = NO;
				ENABLE_STRICT_OBJC_MSGSEND = YES;
				GCC_C_LANGUAGE_STANDARD = gnu11;
				GCC_NO_COMMON_BLOCKS = YES;
				GCC_WARN_64_TO_32_BIT_CONVERSION = YES;
				GCC_WARN_ABOUT_RETURN_TYPE = YES_ERROR;
				GCC_WARN_UNDECLARED_SELECTOR = YES;
				GCC_WARN_UNINITIALIZED_AUTOS = YES_AGGRESSIVE;
				GCC_WARN_UNUSED_FUNCTION = YES;
				GCC_WARN_UNUSED_VARIABLE = YES;
				IPHONEOS_DEPLOYMENT_TARGET = 12.4;
				MTL_ENABLE_DEBUG_INFO = NO;
				MTL_FAST_MATH = YES;
				SDKROOT = iphoneos;
				SWIFT_COMPILATION_MODE = wholemodule;
				SWIFT_OPTIMIZATION_LEVEL = "-O";
				VALIDATE_PRODUCT = YES;
			};
			name = Release;
		};
		EF417D8A2405663F00312925 /* Debug */ = {
			isa = XCBuildConfiguration;
			buildSettings = {
				ASSETCATALOG_COMPILER_APPICON_NAME = AppIcon;
				CODE_SIGN_STYLE = Automatic;
				INFOPLIST_FILE = Forth/Info.plist;
				LD_RUNPATH_SEARCH_PATHS = (
					"$(inherited)",
					"@executable_path/Frameworks",
				);
				OTHER_SWIFT_FLAGS = "";
				PRODUCT_BUNDLE_IDENTIFIER = com.Forth;
				PRODUCT_NAME = "$(TARGET_NAME)";
				SWIFT_VERSION = 4.0;
				TARGETED_DEVICE_FAMILY = "1,2";
			};
			name = Debug;
		};
		EF417D8B2405663F00312925 /* Release */ = {
			isa = XCBuildConfiguration;
			buildSettings = {
				ASSETCATALOG_COMPILER_APPICON_NAME = AppIcon;
				CODE_SIGN_STYLE = Automatic;
				INFOPLIST_FILE = Forth/Info.plist;
				LD_RUNPATH_SEARCH_PATHS = (
					"$(inherited)",
					"@executable_path/Frameworks",
				);
				OTHER_SWIFT_FLAGS = "";
				PRODUCT_BUNDLE_IDENTIFIER = com.Forth;
				PRODUCT_NAME = "$(TARGET_NAME)";
				SWIFT_VERSION = 4.0;
				TARGETED_DEVICE_FAMILY = "1,2";
			};
			name = Release;
		};
		EFF4371E2407F9620077E4A0 /* Debug */ = {
			isa = XCBuildConfiguration;
			buildSettings = {
				BUNDLE_LOADER = "$(TEST_HOST)";
				CODE_SIGN_STYLE = Automatic;
				INFOPLIST_FILE = ForthTests/Info.plist;
				IPHONEOS_DEPLOYMENT_TARGET = 13.2;
				LD_RUNPATH_SEARCH_PATHS = (
					"$(inherited)",
					"@executable_path/Frameworks",
					"@loader_path/Frameworks",
				);
				PRODUCT_BUNDLE_IDENTIFIER = com.ForthTests;
				PRODUCT_NAME = "$(TARGET_NAME)";
				SWIFT_VERSION = 5.0;
				TARGETED_DEVICE_FAMILY = "1,2";
				TEST_HOST = "$(BUILT_PRODUCTS_DIR)/Forth.app/Forth";
			};
			name = Debug;
		};
		EFF4371F2407F9620077E4A0 /* Release */ = {
			isa = XCBuildConfiguration;
			buildSettings = {
				BUNDLE_LOADER = "$(TEST_HOST)";
				CODE_SIGN_STYLE = Automatic;
				INFOPLIST_FILE = ForthTests/Info.plist;
				IPHONEOS_DEPLOYMENT_TARGET = 13.2;
				LD_RUNPATH_SEARCH_PATHS = (
					"$(inherited)",
					"@executable_path/Frameworks",
					"@loader_path/Frameworks",
				);
				PRODUCT_BUNDLE_IDENTIFIER = com.ForthTests;
				PRODUCT_NAME = "$(TARGET_NAME)";
				SWIFT_VERSION = 5.0;
				TARGETED_DEVICE_FAMILY = "1,2";
				TEST_HOST = "$(BUILT_PRODUCTS_DIR)/Forth.app/Forth";
			};
			name = Release;
		};
/* End XCBuildConfiguration section */

/* Begin XCConfigurationList section */
		EF417D672405663E00312925 /* Build configuration list for PBXProject "Forth" */ = {
			isa = XCConfigurationList;
			buildConfigurations = (
				EF417D872405663F00312925 /* Debug */,
				EF417D882405663F00312925 /* Release */,
			);
			defaultConfigurationIsVisible = 0;
			defaultConfigurationName = Release;
		};
		EF417D892405663F00312925 /* Build configuration list for PBXNativeTarget "Forth" */ = {
			isa = XCConfigurationList;
			buildConfigurations = (
				EF417D8A2405663F00312925 /* Debug */,
				EF417D8B2405663F00312925 /* Release */,
			);
			defaultConfigurationIsVisible = 0;
			defaultConfigurationName = Release;
		};
		EFF4371D2407F9620077E4A0 /* Build configuration list for PBXNativeTarget "ForthTests" */ = {
			isa = XCConfigurationList;
			buildConfigurations = (
				EFF4371E2407F9620077E4A0 /* Debug */,
				EFF4371F2407F9620077E4A0 /* Release */,
			);
			defaultConfigurationIsVisible = 0;
			defaultConfigurationName = Release;
		};
/* End XCConfigurationList section */
	};
	rootObject = EF417D642405663E00312925 /* Project object */;
}
